
Microsoft Visual Studio Solution File, Format Version 12.00
Project("{FAE04EC0-301F-11D3-BF4B-00C04F79EFBC}") = "NavigableCollection", "NavigableCollection\NavigableCollection.csproj", "{3C73D6DC-922C-46C6-95CB-899D6BF8A56B}"
EndProject
Project("{FAE04EC0-301F-11D3-BF4B-00C04F79EFBC}") = "NavigableCollection.Tests", "NavigableCollection.Tests\NavigableCollection.Tests.csproj", "{07B46CB4-BEEB-42A3-BFEC-6FE791AC04F0}"
EndProject
Global
	GlobalSection(SolutionConfigurationPlatforms) = preSolution
		Debug|Any CPU = Debug|Any CPU
		Release|Any CPU = Release|Any CPU
	EndGlobalSection
	GlobalSection(ProjectConfigurationPlatforms) = postSolution
		{3C73D6DC-922C-46C6-95CB-899D6BF8A56B}.Debug|Any CPU.ActiveCfg = Debug|Any CPU
		{3C73D6DC-922C-46C6-95CB-899D6BF8A56B}.Debug|Any CPU.Build.0 = Debug|Any CPU
		{3C73D6DC-922C-46C6-95CB-899D6BF8A56B}.Release|Any CPU.ActiveCfg = Release|Any CPU
		{3C73D6DC-922C-46C6-95CB-899D6BF8A56B}.Release|Any CPU.Build.0 = Release|Any CPU
		{07B46CB4-BEEB-42A3-BFEC-6FE791AC04F0}.Debug|Any CPU.ActiveCfg = Debug|Any CPU
		{07B46CB4-BEEB-42A3-BFEC-6FE791AC04F0}.Debug|Any CPU.Build.0 = Debug|Any CPU
		{07B46CB4-BEEB-42A3-BFEC-6FE791AC04F0}.Release|Any CPU.ActiveCfg = Release|Any CPU
		{07B46CB4-BEEB-42A3-BFEC-6FE791AC04F0}.Release|Any CPU.Build.0 = Release|Any CPU
	EndGlobalSection
EndGlobal
